
Microsoft Visual Studio Solution File, Format Version 12.00
# Visual Studio Version 17
VisualStudioVersion = 17.9.34701.34
MinimumVisualStudioVersion = 10.0.40219.1
Project("{FAE04EC0-301F-11D3-BF4B-00C04F79EFBC}") = "HolaMundo", "HolaMundo\HolaMundo.csproj", "{603F0527-1DAE-4F5D-B384-8DCD293DCE22}"
EndProject
Global
	GlobalSection(SolutionConfigurationPlatforms) = preSolution
		Debug|Any CPU = Debug|Any CPU
		Release|Any CPU = Release|Any CPU
	EndGlobalSection
	GlobalSection(ProjectConfigurationPlatforms) = postSolution
		{603F0527-1DAE-4F5D-B384-8DCD293DCE22}.Debug|Any CPU.ActiveCfg = Debug|Any CPU
		{603F0527-1DAE-4F5D-B384-8DCD293DCE22}.Debug|Any CPU.Build.0 = Debug|Any CPU
		{603F0527-1DAE-4F5D-B384-8DCD293DCE22}.Release|Any CPU.ActiveCfg = Release|Any CPU
		{603F0527-1DAE-4F5D-B384-8DCD293DCE22}.Release|Any CPU.Build.0 = Release|Any CPU
	EndGlobalSection
	GlobalSection(SolutionProperties) = preSolution
		HideSolutionNode = FALSE
	EndGlobalSection
	GlobalSection(ExtensibilityGlobals) = postSolution
		SolutionGuid = {819D7DD4-9EB5-4E3B-9458-7DFA418113A3}
	EndGlobalSection
EndGlobal
