
Microsoft Visual Studio Solution File, Format Version 12.00
# Visual Studio Version 17
VisualStudioVersion = 17.9.34714.143
MinimumVisualStudioVersion = 10.0.40219.1
Project("{FAE04EC0-301F-11D3-BF4B-00C04F79EFBC}") = "PracticaMatrizMultidemensional", "PracticaMatrizMultidemensional\PracticaMatrizMultidemensional.csproj", "{CB19744A-D2E1-48CE-93FA-2FA25E1255DC}"
EndProject
Global
	GlobalSection(SolutionConfigurationPlatforms) = preSolution
		Debug|Any CPU = Debug|Any CPU
		Release|Any CPU = Release|Any CPU
	EndGlobalSection
	GlobalSection(ProjectConfigurationPlatforms) = postSolution
		{CB19744A-D2E1-48CE-93FA-2FA25E1255DC}.Debug|Any CPU.ActiveCfg = Debug|Any CPU
		{CB19744A-D2E1-48CE-93FA-2FA25E1255DC}.Debug|Any CPU.Build.0 = Debug|Any CPU
		{CB19744A-D2E1-48CE-93FA-2FA25E1255DC}.Release|Any CPU.ActiveCfg = Release|Any CPU
		{CB19744A-D2E1-48CE-93FA-2FA25E1255DC}.Release|Any CPU.Build.0 = Release|Any CPU
	EndGlobalSection
	GlobalSection(SolutionProperties) = preSolution
		HideSolutionNode = FALSE
	EndGlobalSection
	GlobalSection(ExtensibilityGlobals) = postSolution
		SolutionGuid = {DD53887B-159D-4D9A-BCBF-E8333F96F993}
	EndGlobalSection
EndGlobal
