
Microsoft Visual Studio Solution File, Format Version 12.00
# Visual Studio Version 17
VisualStudioVersion = 17.9.34714.143
MinimumVisualStudioVersion = 10.0.40219.1
Project("{FAE04EC0-301F-11D3-BF4B-00C04F79EFBC}") = "Colecciones", "Colecciones\Colecciones.csproj", "{F7988615-058E-44DA-AC3E-7316E265CF1E}"
EndProject
Global
	GlobalSection(SolutionConfigurationPlatforms) = preSolution
		Debug|Any CPU = Debug|Any CPU
		Release|Any CPU = Release|Any CPU
	EndGlobalSection
	GlobalSection(ProjectConfigurationPlatforms) = postSolution
		{F7988615-058E-44DA-AC3E-7316E265CF1E}.Debug|Any CPU.ActiveCfg = Debug|Any CPU
		{F7988615-058E-44DA-AC3E-7316E265CF1E}.Debug|Any CPU.Build.0 = Debug|Any CPU
		{F7988615-058E-44DA-AC3E-7316E265CF1E}.Release|Any CPU.ActiveCfg = Release|Any CPU
		{F7988615-058E-44DA-AC3E-7316E265CF1E}.Release|Any CPU.Build.0 = Release|Any CPU
	EndGlobalSection
	GlobalSection(SolutionProperties) = preSolution
		HideSolutionNode = FALSE
	EndGlobalSection
	GlobalSection(ExtensibilityGlobals) = postSolution
		SolutionGuid = {57E94FD9-AF1F-470E-ACC0-EE4396EB49B6}
	EndGlobalSection
EndGlobal
