
Microsoft Visual Studio Solution File, Format Version 12.00
# Visual Studio Version 17
VisualStudioVersion = 17.9.34701.34
MinimumVisualStudioVersion = 10.0.40219.1
Project("{FAE04EC0-301F-11D3-BF4B-00C04F79EFBC}") = "Task-MultiplicadorPotencias", "Task-MultiplicadorPotencias\Task-MultiplicadorPotencias.csproj", "{66E33470-9212-45D9-9DB4-A074B34A1331}"
EndProject
Global
	GlobalSection(SolutionConfigurationPlatforms) = preSolution
		Debug|Any CPU = Debug|Any CPU
		Release|Any CPU = Release|Any CPU
	EndGlobalSection
	GlobalSection(ProjectConfigurationPlatforms) = postSolution
		{66E33470-9212-45D9-9DB4-A074B34A1331}.Debug|Any CPU.ActiveCfg = Debug|Any CPU
		{66E33470-9212-45D9-9DB4-A074B34A1331}.Debug|Any CPU.Build.0 = Debug|Any CPU
		{66E33470-9212-45D9-9DB4-A074B34A1331}.Release|Any CPU.ActiveCfg = Release|Any CPU
		{66E33470-9212-45D9-9DB4-A074B34A1331}.Release|Any CPU.Build.0 = Release|Any CPU
	EndGlobalSection
	GlobalSection(SolutionProperties) = preSolution
		HideSolutionNode = FALSE
	EndGlobalSection
	GlobalSection(ExtensibilityGlobals) = postSolution
		SolutionGuid = {4BA44466-7506-45FA-A857-500488D07755}
	EndGlobalSection
EndGlobal
