
Microsoft Visual Studio Solution File, Format Version 12.00
# Visual Studio Version 17
VisualStudioVersion = 17.9.34701.34
MinimumVisualStudioVersion = 10.0.40219.1
Project("{FAE04EC0-301F-11D3-BF4B-00C04F79EFBC}") = "Seccion2", "Seccion2\Seccion2.csproj", "{7D35F2C0-1821-44F7-9AB1-A2931323BED4}"
EndProject
Global
	GlobalSection(SolutionConfigurationPlatforms) = preSolution
		Debug|Any CPU = Debug|Any CPU
		Release|Any CPU = Release|Any CPU
	EndGlobalSection
	GlobalSection(ProjectConfigurationPlatforms) = postSolution
		{7D35F2C0-1821-44F7-9AB1-A2931323BED4}.Debug|Any CPU.ActiveCfg = Debug|Any CPU
		{7D35F2C0-1821-44F7-9AB1-A2931323BED4}.Debug|Any CPU.Build.0 = Debug|Any CPU
		{7D35F2C0-1821-44F7-9AB1-A2931323BED4}.Release|Any CPU.ActiveCfg = Release|Any CPU
		{7D35F2C0-1821-44F7-9AB1-A2931323BED4}.Release|Any CPU.Build.0 = Release|Any CPU
	EndGlobalSection
	GlobalSection(SolutionProperties) = preSolution
		HideSolutionNode = FALSE
	EndGlobalSection
	GlobalSection(ExtensibilityGlobals) = postSolution
		SolutionGuid = {4983F0C9-78ED-4AB3-B6D5-5C28921D2AC0}
	EndGlobalSection
EndGlobal
