
Microsoft Visual Studio Solution File, Format Version 12.00
# Visual Studio Version 17
VisualStudioVersion = 17.9.34701.34
MinimumVisualStudioVersion = 10.0.40219.1
Project("{FAE04EC0-301F-11D3-BF4B-00C04F79EFBC}") = "SessinThree", "SessinThree\SessinThree.csproj", "{9229EDB7-61E1-4933-AF6B-F14C3820A3BE}"
EndProject
Global
	GlobalSection(SolutionConfigurationPlatforms) = preSolution
		Debug|Any CPU = Debug|Any CPU
		Release|Any CPU = Release|Any CPU
	EndGlobalSection
	GlobalSection(ProjectConfigurationPlatforms) = postSolution
		{9229EDB7-61E1-4933-AF6B-F14C3820A3BE}.Debug|Any CPU.ActiveCfg = Debug|Any CPU
		{9229EDB7-61E1-4933-AF6B-F14C3820A3BE}.Debug|Any CPU.Build.0 = Debug|Any CPU
		{9229EDB7-61E1-4933-AF6B-F14C3820A3BE}.Release|Any CPU.ActiveCfg = Release|Any CPU
		{9229EDB7-61E1-4933-AF6B-F14C3820A3BE}.Release|Any CPU.Build.0 = Release|Any CPU
	EndGlobalSection
	GlobalSection(SolutionProperties) = preSolution
		HideSolutionNode = FALSE
	EndGlobalSection
	GlobalSection(ExtensibilityGlobals) = postSolution
		SolutionGuid = {FFD79997-5A36-41F5-B6D0-5F1801F39DB4}
	EndGlobalSection
EndGlobal
